
Microsoft Visual Studio Solution File, Format Version 12.00
# Visual Studio Version 16
VisualStudioVersion = 16.0.29020.237
MinimumVisualStudioVersion = 10.0.40219.1
Project("{9A19103F-16F7-4668-BE54-9A1E7A4F7556}") = "MainApp", "MainApp\MainApp.csproj", "{7C23518A-886E-4286-A9EA-6BEEE630D45F}"
EndProject
Project("{9A19103F-16F7-4668-BE54-9A1E7A4F7556}") = "Interfaces.AnagramSolver", "Interfaces.AnagramSolver\Interfaces.AnagramSolver.csproj", "{85DED481-A752-4BBD-9DC9-78FA5DFDBA70}"
EndProject
Project("{9A19103F-16F7-4668-BE54-9A1E7A4F7556}") = "Implementation.AnagramSolver", "Implementation.AnagramSolver\Implementation.AnagramSolver.csproj", "{F3AA0D92-7605-4CA9-BAB7-FF031440E861}"
EndProject
Project("{9A19103F-16F7-4668-BE54-9A1E7A4F7556}") = "AnagramGenerator.Tests", "AnagramGenerator.Tests\AnagramGenerator.Tests.csproj", "{FFFA34DB-D8D6-4C98-9E3F-4B3AB654A14B}"
EndProject
Project("{9A19103F-16F7-4668-BE54-9A1E7A4F7556}") = "AnagramGenerator.WebApp", "AnagramGenerator.WebApp\AnagramGenerator.WebApp.csproj", "{491A41A7-B068-4A48-A7F9-85281056CE06}"
EndProject
Project("{9A19103F-16F7-4668-BE54-9A1E7A4F7556}") = "AnagramGenerator.HttpRequest", "HttpRequest\AnagramGenerator.HttpRequest.csproj", "{4557C380-9DE6-4668-8BAD-C4759B7830EB}"
EndProject
Project("{FAE04EC0-301F-11D3-BF4B-00C04F79EFBC}") = "AnagramGenerator.Sql", "AnagramGenerator.Sql\AnagramGenerator.Sql.csproj", "{155A3C9C-1472-441D-89CC-2FC37E82741C}"
EndProject
Global
	GlobalSection(SolutionConfigurationPlatforms) = preSolution
		Debug|Any CPU = Debug|Any CPU
		Release|Any CPU = Release|Any CPU
	EndGlobalSection
	GlobalSection(ProjectConfigurationPlatforms) = postSolution
		{7C23518A-886E-4286-A9EA-6BEEE630D45F}.Debug|Any CPU.ActiveCfg = Debug|Any CPU
		{7C23518A-886E-4286-A9EA-6BEEE630D45F}.Debug|Any CPU.Build.0 = Debug|Any CPU
		{7C23518A-886E-4286-A9EA-6BEEE630D45F}.Release|Any CPU.ActiveCfg = Release|Any CPU
		{7C23518A-886E-4286-A9EA-6BEEE630D45F}.Release|Any CPU.Build.0 = Release|Any CPU
		{85DED481-A752-4BBD-9DC9-78FA5DFDBA70}.Debug|Any CPU.ActiveCfg = Debug|Any CPU
		{85DED481-A752-4BBD-9DC9-78FA5DFDBA70}.Debug|Any CPU.Build.0 = Debug|Any CPU
		{85DED481-A752-4BBD-9DC9-78FA5DFDBA70}.Release|Any CPU.ActiveCfg = Release|Any CPU
		{85DED481-A752-4BBD-9DC9-78FA5DFDBA70}.Release|Any CPU.Build.0 = Release|Any CPU
		{F3AA0D92-7605-4CA9-BAB7-FF031440E861}.Debug|Any CPU.ActiveCfg = Debug|Any CPU
		{F3AA0D92-7605-4CA9-BAB7-FF031440E861}.Debug|Any CPU.Build.0 = Debug|Any CPU
		{F3AA0D92-7605-4CA9-BAB7-FF031440E861}.Release|Any CPU.ActiveCfg = Release|Any CPU
		{F3AA0D92-7605-4CA9-BAB7-FF031440E861}.Release|Any CPU.Build.0 = Release|Any CPU
		{FFFA34DB-D8D6-4C98-9E3F-4B3AB654A14B}.Debug|Any CPU.ActiveCfg = Debug|Any CPU
		{FFFA34DB-D8D6-4C98-9E3F-4B3AB654A14B}.Debug|Any CPU.Build.0 = Debug|Any CPU
		{FFFA34DB-D8D6-4C98-9E3F-4B3AB654A14B}.Release|Any CPU.ActiveCfg = Release|Any CPU
		{FFFA34DB-D8D6-4C98-9E3F-4B3AB654A14B}.Release|Any CPU.Build.0 = Release|Any CPU
		{491A41A7-B068-4A48-A7F9-85281056CE06}.Debug|Any CPU.ActiveCfg = Debug|Any CPU
		{491A41A7-B068-4A48-A7F9-85281056CE06}.Debug|Any CPU.Build.0 = Debug|Any CPU
		{491A41A7-B068-4A48-A7F9-85281056CE06}.Release|Any CPU.ActiveCfg = Release|Any CPU
		{491A41A7-B068-4A48-A7F9-85281056CE06}.Release|Any CPU.Build.0 = Release|Any CPU
		{4557C380-9DE6-4668-8BAD-C4759B7830EB}.Debug|Any CPU.ActiveCfg = Debug|Any CPU
		{4557C380-9DE6-4668-8BAD-C4759B7830EB}.Debug|Any CPU.Build.0 = Debug|Any CPU
		{4557C380-9DE6-4668-8BAD-C4759B7830EB}.Release|Any CPU.ActiveCfg = Release|Any CPU
		{4557C380-9DE6-4668-8BAD-C4759B7830EB}.Release|Any CPU.Build.0 = Release|Any CPU
		{155A3C9C-1472-441D-89CC-2FC37E82741C}.Debug|Any CPU.ActiveCfg = Debug|Any CPU
		{155A3C9C-1472-441D-89CC-2FC37E82741C}.Debug|Any CPU.Build.0 = Debug|Any CPU
		{155A3C9C-1472-441D-89CC-2FC37E82741C}.Release|Any CPU.ActiveCfg = Release|Any CPU
		{155A3C9C-1472-441D-89CC-2FC37E82741C}.Release|Any CPU.Build.0 = Release|Any CPU
	EndGlobalSection
	GlobalSection(SolutionProperties) = preSolution
		HideSolutionNode = FALSE
	EndGlobalSection
	GlobalSection(ExtensibilityGlobals) = postSolution
		SolutionGuid = {6E66AD81-4626-4BFB-8F2B-F7CFADAB69C1}
	EndGlobalSection
EndGlobal
